// !$*UTF8*$!
{
	archiveVersion = 1;
	classes = {
	};
	objectVersion = 110;
	objects = {

/* Begin PBXContainerItemProxy section */
		3253DE8330639B12002C5830 /* PBXContainerItemProxy */ = {
			isa = PBXContainerItemProxy;
			containerPortal = 3253DE6B30639B11002C5830 /* Project object */;
			proxyType = 1;
			remoteGlobalIDString = 3253DE7230639B11002C5830;
			remoteInfo = BugSnap;
		};
		3253DE8D30639B12002C5830 /* PBXContainerItemProxy */ = {
			isa = PBXContainerItemProxy;
			containerPortal = 3253DE6B30639B11002C5830 /* Project object */;
			proxyType = 1;
			remoteGlobalIDString = 3253DE7230639B11002C5830;
			remoteInfo = BugSnap;
		};
/* End PBXContainerItemProxy section */

/* Begin PBXFileReference section */
		3253DE7330639B11002C5830 /* BugSnap.app */ = {isa = PBXFileReference; explicitFileType = wrapper.application; includeInIndex = 0; path = BugSnap.app; sourceTree = BUILT_PRODUCTS_DIR; };
		3253DE8230639B12002C5830 /* BugSnapTests.xctest */ = {isa = PBXFileReference; explicitFileType = wrapper.cfbundle; includeInIndex = 0; path = BugSnapTests.xctest; sourceTree = BUILT_PRODUCTS_DIR; };
		3253DE8C30639B12002C5830 /* BugSnapUITests.xctest */ = {isa = PBXFileReference; explicitFileType = wrapper.cfbundle; includeInIndex = 0; path = BugSnapUITests.xctest; sourceTree = BUILT_PRODUCTS_DIR; };
/* End PBXFileReference section */

/* Begin PBXFileSystemSynchronizedRootGroup section */
		3253DE7530639B11002C5830 /* BugSnap */ = {
			isa = PBXFileSystemSynchronizedRootGroup;
			path = BugSnap;
			sourceTree = "<group>";
		};
		3253DE8530639B12002C5830 /* BugSnapTests */ = {
			isa = PBXFileSystemSynchronizedRootGroup;
			path = BugSnapTests;
			sourceTree = "<group>";
		};
		3253DE8F30639B12002C5830 /* BugSnapUITests */ = {
			isa = PBXFileSystemSynchronizedRootGroup;
			path = BugSnapUITests;
			sourceTree = "<group>";
		};
/* End PBXFileSystemSynchronizedRootGroup section */

/* Begin PBXFrameworksBuildPhase section */
		3253DE7030639B11002C5830 /* Frameworks */ = {
			isa = PBXFrameworksBuildPhase;
			files = (
			);
		};
		3253DE7F30639B12002C5830 /* Frameworks */ = {
			isa = PBXFrameworksBuildPhase;
			files = (
			);
		};
		3253DE8930639B12002C5830 /* Frameworks */ = {
			isa = PBXFrameworksBuildPhase;
			files = (
			);
		};
/* End PBXFrameworksBuildPhase section */

/* Begin PBXGroup section */
		3253DE6A30639B11002C5830 = {
			isa = PBXGroup;
			children = (
				3253DE7530639B11002C5830 /* BugSnap */,
				3253DE8530639B12002C5830 /* BugSnapTests */,
				3253DE8F30639B12002C5830 /* BugSnapUITests */,
				3253DE7430639B11002C5830 /* Products */,
			);
			sourceTree = "<group>";
		};
		3253DE7430639B11002C5830 /* Products */ = {
			isa = PBXGroup;
			children = (
				3253DE7330639B11002C5830 /* BugSnap.app */,
				3253DE8230639B12002C5830 /* BugSnapTests.xctest */,
				3253DE8C30639B12002C5830 /* BugSnapUITests.xctest */,
			);
			name = Products;
			sourceTree = "<group>";
		};
/* End PBXGroup section */

/* Begin PBXNativeTarget section */
		3253DE7230639B11002C5830 /* BugSnap */ = {
			isa = PBXNativeTarget;
			buildConfigurationList = 3253DE9430639B12002C5830 /* Build configuration list for PBXNativeTarget "BugSnap" */;
			buildPhases = (
				3253DE6F30639B11002C5830 /* Sources */,
				3253DE7030639B11002C5830 /* Frameworks */,
				3253DE7130639B11002C5830 /* Resources */,
			);
			buildRules = (
			);
			fileSystemSynchronizedGroups = (
				3253DE7530639B11002C5830 /* BugSnap */,
			);
			name = BugSnap;
			productName = BugSnap;
			productReference = 3253DE7330639B11002C5830 /* BugSnap.app */;
			productType = "com.apple.product-type.application";
		};
		3253DE8130639B12002C5830 /* BugSnapTests */ = {
			isa = PBXNativeTarget;
			buildConfigurationList = 3253DE9730639B12002C5830 /* Build configuration list for PBXNativeTarget "BugSnapTests" */;
			buildPhases = (
				3253DE7E30639B12002C5830 /* Sources */,
				3253DE7F30639B12002C5830 /* Frameworks */,
				3253DE8030639B12002C5830 /* Resources */,
			);
			buildRules = (
			);
			dependencies = (
				3253DE8430639B12002C5830 /* PBXTargetDependency */,
			);
			fileSystemSynchronizedGroups = (
				3253DE8530639B12002C5830 /* BugSnapTests */,
			);
			name = BugSnapTests;
			productName = BugSnapTests;
			productReference = 3253DE8230639B12002C5830 /* BugSnapTests.xctest */;
			productType = "com.apple.product-type.bundle.unit-test";
		};
		3253DE8B30639B12002C5830 /* BugSnapUITests */ = {
			isa = PBXNativeTarget;
			buildConfigurationList = 3253DE9A30639B12002C5830 /* Build configuration list for PBXNativeTarget "BugSnapUITests" */;
			buildPhases = (
				3253DE8830639B12002C5830 /* Sources */,
				3253DE8930639B12002C5830 /* Frameworks */,
				3253DE8A30639B12002C5830 /* Resources */,
			);
			buildRules = (
			);
			dependencies = (
				3253DE8E30639B12002C5830 /* PBXTargetDependency */,
			);
			fileSystemSynchronizedGroups = (
				3253DE8F30639B12002C5830 /* BugSnapUITests */,
			);
			name = BugSnapUITests;
			productName = BugSnapUITests;
			productReference = 3253DE8C30639B12002C5830 /* BugSnapUITests.xctest */;
			productType = "com.apple.product-type.bundle.ui-testing";
		};
/* End PBXNativeTarget section */

/* Begin PBXProject section */
		3253DE6B30639B11002C5830 /* Project object */ = {
			isa = PBXProject;
			attributes = {
				BuildIndependentTargetsInParallel = 1;
				LastSwiftUpdateCheck = 2700;
				LastUpgradeCheck = 2700;
				TargetAttributes = {
					3253DE7230639B11002C5830 = {
						CreatedOnToolsVersion = 27.0;
					};
					3253DE8130639B12002C5830 = {
						CreatedOnToolsVersion = 27.0;
						TestTargetID = 3253DE7230639B11002C5830;
					};
					3253DE8B30639B12002C5830 = {
						CreatedOnToolsVersion = 27.0;
						TestTargetID = 3253DE7230639B11002C5830;
					};
				};
			};
			buildConfigurationList = 3253DE6E30639B11002C5830 /* Build configuration list for PBXProject "BugSnap" */;
			developmentRegion = en;
			hasScannedForEncodings = 0;
			knownRegions = (
				en,
				Base,
			);
			mainGroup = 3253DE6A30639B11002C5830;
			minimizedProjectReferenceProxies = 1;
			preferredProjectObjectVersion = 77;
			productRefGroup = 3253DE7430639B11002C5830 /* Products */;
			projectDirPath = "";
			projectRoot = "";
			targets = (
				3253DE7230639B11002C5830 /* BugSnap */,
				3253DE8130639B12002C5830 /* BugSnapTests */,
				3253DE8B30639B12002C5830 /* BugSnapUITests */,
			);
		};
/* End PBXProject section */

/* Begin PBXResourcesBuildPhase section */
		3253DE7130639B11002C5830 /* Resources */ = {
			isa = PBXResourcesBuildPhase;
			files = (
			);
		};
		3253DE8030639B12002C5830 /* Resources */ = {
			isa = PBXResourcesBuildPhase;
			files = (
			);
		};
		3253DE8A30639B12002C5830 /* Resources */ = {
			isa = PBXResourcesBuildPhase;
			files = (
			);
		};
/* End PBXResourcesBuildPhase section */

/* Begin PBXSourcesBuildPhase section */
		3253DE6F30639B11002C5830 /* Sources */ = {
			isa = PBXSourcesBuildPhase;
			files = (
			);
		};
		3253DE7E30639B12002C5830 /* Sources */ = {
			isa = PBXSourcesBuildPhase;
			files = (
			);
		};
		3253DE8830639B12002C5830 /* Sources */ = {
			isa = PBXSourcesBuildPhase;
			files = (
			);
		};
/* End PBXSourcesBuildPhase section */

/* Begin PBXTargetDependency section */
		3253DE8430639B12002C5830 /* PBXTargetDependency */ = {
			isa = PBXTargetDependency;
			target = 3253DE7230639B11002C5830 /* BugSnap */;
			targetProxy = 3253DE8330639B12002C5830 /* PBXContainerItemProxy */;
		};
		3253DE8E30639B12002C5830 /* PBXTargetDependency */ = {
			isa = PBXTargetDependency;
			target = 3253DE7230639B11002C5830 /* BugSnap */;
			targetProxy = 3253DE8D30639B12002C5830 /* PBXContainerItemProxy */;
		};
/* End PBXTargetDependency section */

/* Begin XCBuildConfiguration section */
		3253DE9230639B12002C5830 /* Debug configuration for PBXProject "BugSnap" */ = {
			isa = XCBuildConfiguration;
			buildSettings = {
				ALWAYS_SEARCH_USER_PATHS = NO;
				ASSETCATALOG_COMPILER_GENERATE_SWIFT_ASSET_SYMBOL_EXTENSIONS = YES;
				CLANG_ANALYZER_NONNULL = YES;
				CLANG_ANALYZER_NUMBER_OBJECT_CONVERSION = YES_AGGRESSIVE;
				CLANG_CXX_LANGUAGE_STANDARD = "gnu++20";
				CLANG_ENABLE_MODULES = YES;
				CLANG_ENABLE_OBJC_ARC = YES;
				CLANG_ENABLE_OBJC_WEAK = YES;
				CLANG_WARN_BLOCK_CAPTURE_AUTORELEASING = YES;
				CLANG_WARN_BOOL_CONVERSION = YES;
				CLANG_WARN_COMMA = YES;
				CLANG_WARN_CONSTANT_CONVERSION = YES;
				CLANG_WARN_DEPRECATED_OBJC_IMPLEMENTATIONS = YES;
				CLANG_WARN_DIRECT_OBJC_ISA_USAGE = YES_ERROR;
				CLANG_WARN_DOCUMENTATION_COMMENTS = YES;
				CLANG_WARN_EMPTY_BODY = YES;
				CLANG_WARN_ENUM_CONVERSION = YES;
				CLANG_WARN_INFINITE_RECURSION = YES;
				CLANG_WARN_INT_CONVERSION = YES;
				CLANG_WARN_NON_LITERAL_NULL_CONVERSION = YES;
				CLANG_WARN_OBJC_IMPLICIT_RETAIN_SELF = YES;
				CLANG_WARN_OBJC_LITERAL_CONVERSION = YES;
				CLANG_WARN_OBJC_ROOT_CLASS = YES_ERROR;
				CLANG_WARN_QUOTED_INCLUDE_IN_FRAMEWORK_HEADER = YES;
				CLANG_WARN_RANGE_LOOP_ANALYSIS = YES;
				CLANG_WARN_STRICT_PROTOTYPES = YES;
				CLANG_WARN_SUSPICIOUS_MOVE = YES;
				CLANG_WARN_UNGUARDED_AVAILABILITY = YES_AGGRESSIVE;
				CLANG_WARN_UNREACHABLE_CODE = YES;
				CLANG_WARN__DUPLICATE_METHOD_MATCH = YES;
				COPY_PHASE_STRIP = NO;
				DEBUG_INFORMATION_FORMAT = dwarf;
				DEVELOPMENT_TEAM = X5L3RQ5ZUS;
				ENABLE_STRICT_OBJC_MSGSEND = YES;
				ENABLE_TESTABILITY = YES;
				ENABLE_USER_SCRIPT_SANDBOXING = YES;
				GCC_C_LANGUAGE_STANDARD = gnu17;
				GCC_DYNAMIC_NO_PIC = NO;
				GCC_NO_COMMON_BLOCKS = YES;
				GCC_OPTIMIZATION_LEVEL = 0;
				GCC_PREPROCESSOR_DEFINITIONS = (
					"DEBUG=1",
					"$(inherited)",
				);
				GCC_WARN_64_TO_32_BIT_CONVERSION = YES;
				GCC_WARN_ABOUT_RETURN_TYPE = YES_ERROR;
				GCC_WARN_UNDECLARED_SELECTOR = YES;
				GCC_WARN_UNINITIALIZED_AUTOS = YES_AGGRESSIVE;
				GCC_WARN_UNUSED_FUNCTION = YES;
				GCC_WARN_UNUSED_VARIABLE = YES;
				IPHONEOS_DEPLOYMENT_TARGET = 27.0;
				LOCALIZATION_PREFERS_STRING_CATALOGS = YES;
				MTL_ENABLE_DEBUG_INFO = INCLUDE_SOURCE;
				MTL_FAST_MATH = YES;
				ONLY_ACTIVE_ARCH = YES;
				SDKROOT = iphoneos;
				SWIFT_ACTIVE_COMPILATION_CONDITIONS = "DEBUG $(inherited)";
				SWIFT_OPTIMIZATION_LEVEL = "-Onone";
			};
			name = Debug;
		};
		3253DE9330639B12002C5830 /* Release configuration for PBXProject "BugSnap" */ = {
			isa = XCBuildConfiguration;
			buildSettings = {
				ALWAYS_SEARCH_USER_PATHS = NO;
				ASSETCATALOG_COMPILER_GENERATE_SWIFT_ASSET_SYMBOL_EXTENSIONS = YES;
				CLANG_ANALYZER_NONNULL = YES;
				CLANG_ANALYZER_NUMBER_OBJECT_CONVERSION = YES_AGGRESSIVE;
				CLANG_CXX_LANGUAGE_STANDARD = "gnu++20";
				CLANG_ENABLE_MODULES = YES;
				CLANG_ENABLE_OBJC_ARC = YES;
				CLANG_ENABLE_OBJC_WEAK = YES;
				CLANG_WARN_BLOCK_CAPTURE_AUTORELEASING = YES;
				CLANG_WARN_BOOL_CONVERSION = YES;
				CLANG_WARN_COMMA = YES;
				CLANG_WARN_CONSTANT_CONVERSION = YES;
				CLANG_WARN_DEPRECATED_OBJC_IMPLEMENTATIONS = YES;
				CLANG_WARN_DIRECT_OBJC_ISA_USAGE = YES_ERROR;
				CLANG_WARN_DOCUMENTATION_COMMENTS = YES;
				CLANG_WARN_EMPTY_BODY = YES;
				CLANG_WARN_ENUM_CONVERSION = YES;
				CLANG_WARN_INFINITE_RECURSION = YES;
				CLANG_WARN_INT_CONVERSION = YES;
				CLANG_WARN_NON_LITERAL_NULL_CONVERSION = YES;
				CLANG_WARN_OBJC_IMPLICIT_RETAIN_SELF = YES;
				CLANG_WARN_OBJC_LITERAL_CONVERSION = YES;
				CLANG_WARN_OBJC_ROOT_CLASS = YES_ERROR;
				CLANG_WARN_QUOTED_INCLUDE_IN_FRAMEWORK_HEADER = YES;
				CLANG_WARN_RANGE_LOOP_ANALYSIS = YES;
				CLANG_WARN_STRICT_PROTOTYPES = YES;
				CLANG_WARN_SUSPICIOUS_MOVE = YES;
				CLANG_WARN_UNGUARDED_AVAILABILITY = YES_AGGRESSIVE;
				CLANG_WARN_UNREACHABLE_CODE = YES;
				CLANG_WARN__DUPLICATE_METHOD_MATCH = YES;
				COPY_PHASE_STRIP = NO;
				DEBUG_INFORMATION_FORMAT = "dwarf-with-dsym";
				DEVELOPMENT_TEAM = X5L3RQ5ZUS;
				ENABLE_NS_ASSERTIONS = NO;
				ENABLE_STRICT_OBJC_MSGSEND = YES;
				ENABLE_USER_SCRIPT_SANDBOXING = YES;
				GCC_C_LANGUAGE_STANDARD = gnu17;
				GCC_NO_COMMON_BLOCKS = YES;
				GCC_WARN_64_TO_32_BIT_CONVERSION = YES;
				GCC_WARN_ABOUT_RETURN_TYPE = YES_ERROR;
				GCC_WARN_UNDECLARED_SELECTOR = YES;
				GCC_WARN_UNINITIALIZED_AUTOS = YES_AGGRESSIVE;
				GCC_WARN_UNUSED_FUNCTION = YES;
				GCC_WARN_UNUSED_VARIABLE = YES;
				IPHONEOS_DEPLOYMENT_TARGET = 27.0;
				LOCALIZATION_PREFERS_STRING_CATALOGS = YES;
				MTL_ENABLE_DEBUG_INFO = NO;
				MTL_FAST_MATH = YES;
				SDKROOT = iphoneos;
				SWIFT_COMPILATION_MODE = wholemodule;
				VALIDATE_PRODUCT = YES;
			};
			name = Release;
		};
		3253DE9530639B12002C5830 /* Debug configuration for PBXNativeTarget "BugSnap" */ = {
			isa = XCBuildConfiguration;
			buildSettings = {
				ASSETCATALOG_COMPILER_APPICON_NAME = AppIcon;
				ASSETCATALOG_COMPILER_GLOBAL_ACCENT_COLOR_NAME = AccentColor;
				CODE_SIGN_STYLE = Automatic;
				CURRENT_PROJECT_VERSION = 1;
				DEVELOPMENT_TEAM = X5L3RQ5ZUS;
				ENABLE_PREVIEWS = YES;
				GENERATE_INFOPLIST_FILE = YES;
				INFOPLIST_KEY_UIApplicationSceneManifest_Generation = YES;
				INFOPLIST_KEY_UIApplicationSupportsIndirectInputEvents = YES;
				INFOPLIST_KEY_UILaunchScreen_Generation = YES;
				INFOPLIST_KEY_UISupportedInterfaceOrientations_iPad = "UIInterfaceOrientationPortrait UIInterfaceOrientationPortraitUpsideDown UIInterfaceOrientationLandscapeLeft UIInterfaceOrientationLandscapeRight";
				INFOPLIST_KEY_UISupportedInterfaceOrientations_iPhone = "UIInterfaceOrientationPortrait UIInterfaceOrientationLandscapeLeft UIInterfaceOrientationLandscapeRight";
				LD_RUNPATH_SEARCH_PATHS = (
					"$(inherited)",
					"@executable_path/Frameworks",
				);
				MARKETING_VERSION = 1.0;
				PRODUCT_BUNDLE_IDENTIFIER = dmivanou.BugSnap;
				PRODUCT_NAME = "$(TARGET_NAME)";
				STRING_CATALOG_GENERATE_SYMBOLS = YES;
				SWIFT_APPROACHABLE_CONCURRENCY = YES;
				SWIFT_DEFAULT_ACTOR_ISOLATION = MainActor;
				SWIFT_EMIT_LOC_STRINGS = YES;
				SWIFT_UPCOMING_FEATURE_MEMBER_IMPORT_VISIBILITY = YES;
				SWIFT_VERSION = 5.0;
				TARGETED_DEVICE_FAMILY = "1,2";
			};
			name = Debug;
		};
		3253DE9630639B12002C5830 /* Release configuration for PBXNativeTarget "BugSnap" */ = {
			isa = XCBuildConfiguration;
			buildSettings = {
				ASSETCATALOG_COMPILER_APPICON_NAME = AppIcon;
				ASSETCATALOG_COMPILER_GLOBAL_ACCENT_COLOR_NAME = AccentColor;
				CODE_SIGN_STYLE = Automatic;
				CURRENT_PROJECT_VERSION = 1;
				DEVELOPMENT_TEAM = X5L3RQ5ZUS;
				ENABLE_PREVIEWS = YES;
				GENERATE_INFOPLIST_FILE = YES;
				INFOPLIST_KEY_UIApplicationSceneManifest_Generation = YES;
				INFOPLIST_KEY_UIApplicationSupportsIndirectInputEvents = YES;
				INFOPLIST_KEY_UILaunchScreen_Generation = YES;
				INFOPLIST_KEY_UISupportedInterfaceOrientations_iPad = "UIInterfaceOrientationPortrait UIInterfaceOrientationPortraitUpsideDown UIInterfaceOrientationLandscapeLeft UIInterfaceOrientationLandscapeRight";
				INFOPLIST_KEY_UISupportedInterfaceOrientations_iPhone = "UIInterfaceOrientationPortrait UIInterfaceOrientationLandscapeLeft UIInterfaceOrientationLandscapeRight";
				LD_RUNPATH_SEARCH_PATHS = (
					"$(inherited)",
					"@executable_path/Frameworks",
				);
				MARKETING_VERSION = 1.0;
				PRODUCT_BUNDLE_IDENTIFIER = dmivanou.BugSnap;
				PRODUCT_NAME = "$(TARGET_NAME)";
				STRING_CATALOG_GENERATE_SYMBOLS = YES;
				SWIFT_APPROACHABLE_CONCURRENCY = YES;
				SWIFT_DEFAULT_ACTOR_ISOLATION = MainActor;
				SWIFT_EMIT_LOC_STRINGS = YES;
				SWIFT_UPCOMING_FEATURE_MEMBER_IMPORT_VISIBILITY = YES;
				SWIFT_VERSION = 5.0;
				TARGETED_DEVICE_FAMILY = "1,2";
			};
			name = Release;
		};
		3253DE9830639B12002C5830 /* Debug configuration for PBXNativeTarget "BugSnapTests" */ = {
			isa = XCBuildConfiguration;
			buildSettings = {
				BUNDLE_LOADER = "$(TEST_HOST)";
				CODE_SIGN_STYLE = Automatic;
				CURRENT_PROJECT_VERSION = 1;
				DEVELOPMENT_TEAM = X5L3RQ5ZUS;
				GENERATE_INFOPLIST_FILE = YES;
				IPHONEOS_DEPLOYMENT_TARGET = 27.0;
				MARKETING_VERSION = 1.0;
				PRODUCT_BUNDLE_IDENTIFIER = dmivanou.BugSnapTests;
				PRODUCT_NAME = "$(TARGET_NAME)";
				STRING_CATALOG_GENERATE_SYMBOLS = NO;
				SWIFT_APPROACHABLE_CONCURRENCY = YES;
				SWIFT_EMIT_LOC_STRINGS = NO;
				SWIFT_UPCOMING_FEATURE_MEMBER_IMPORT_VISIBILITY = YES;
				SWIFT_VERSION = 5.0;
				TARGETED_DEVICE_FAMILY = "1,2";
				TEST_HOST = "$(BUILT_PRODUCTS_DIR)/BugSnap.app/$(BUNDLE_EXECUTABLE_FOLDER_PATH)/BugSnap";
			};
			name = Debug;
		};
		3253DE9930639B12002C5830 /* Release configuration for PBXNativeTarget "BugSnapTests" */ = {
			isa = XCBuildConfiguration;
			buildSettings = {
				BUNDLE_LOADER = "$(TEST_HOST)";
				CODE_SIGN_STYLE = Automatic;
				CURRENT_PROJECT_VERSION = 1;
				DEVELOPMENT_TEAM = X5L3RQ5ZUS;
				GENERATE_INFOPLIST_FILE = YES;
				IPHONEOS_DEPLOYMENT_TARGET = 27.0;
				MARKETING_VERSION = 1.0;
				PRODUCT_BUNDLE_IDENTIFIER = dmivanou.BugSnapTests;
				PRODUCT_NAME = "$(TARGET_NAME)";
				STRING_CATALOG_GENERATE_SYMBOLS = NO;
				SWIFT_APPROACHABLE_CONCURRENCY = YES;
				SWIFT_EMIT_LOC_STRINGS = NO;
				SWIFT_UPCOMING_FEATURE_MEMBER_IMPORT_VISIBILITY = YES;
				SWIFT_VERSION = 5.0;
				TARGETED_DEVICE_FAMILY = "1,2";
				TEST_HOST = "$(BUILT_PRODUCTS_DIR)/BugSnap.app/$(BUNDLE_EXECUTABLE_FOLDER_PATH)/BugSnap";
			};
			name = Release;
		};
		3253DE9B30639B12002C5830 /* Debug configuration for PBXNativeTarget "BugSnapUITests" */ = {
			isa = XCBuildConfiguration;
			buildSettings = {
				CODE_SIGN_STYLE = Automatic;
				CURRENT_PROJECT_VERSION = 1;
				DEVELOPMENT_TEAM = X5L3RQ5ZUS;
				GENERATE_INFOPLIST_FILE = YES;
				MARKETING_VERSION = 1.0;
				PRODUCT_BUNDLE_IDENTIFIER = dmivanou.BugSnapUITests;
				PRODUCT_NAME = "$(TARGET_NAME)";
				STRING_CATALOG_GENERATE_SYMBOLS = NO;
				SWIFT_APPROACHABLE_CONCURRENCY = YES;
				SWIFT_EMIT_LOC_STRINGS = NO;
				SWIFT_UPCOMING_FEATURE_MEMBER_IMPORT_VISIBILITY = YES;
				SWIFT_VERSION = 5.0;
				TARGETED_DEVICE_FAMILY = "1,2";
				TEST_TARGET_NAME = BugSnap;
			};
			name = Debug;
		};
		3253DE9C30639B12002C5830 /* Release configuration for PBXNativeTarget "BugSnapUITests" */ = {
			isa = XCBuildConfiguration;
			buildSettings = {
				CODE_SIGN_STYLE = Automatic;
				CURRENT_PROJECT_VERSION = 1;
				DEVELOPMENT_TEAM = X5L3RQ5ZUS;
				GENERATE_INFOPLIST_FILE = YES;
				MARKETING_VERSION = 1.0;
				PRODUCT_BUNDLE_IDENTIFIER = dmivanou.BugSnapUITests;
				PRODUCT_NAME = "$(TARGET_NAME)";
				STRING_CATALOG_GENERATE_SYMBOLS = NO;
				SWIFT_APPROACHABLE_CONCURRENCY = YES;
				SWIFT_EMIT_LOC_STRINGS = NO;
				SWIFT_UPCOMING_FEATURE_MEMBER_IMPORT_VISIBILITY = YES;
				SWIFT_VERSION = 5.0;
				TARGETED_DEVICE_FAMILY = "1,2";
				TEST_TARGET_NAME = BugSnap;
			};
			name = Release;
		};
/* End XCBuildConfiguration section */

/* Begin XCConfigurationList section */
		3253DE6E30639B11002C5830 /* Build configuration list for PBXProject "BugSnap" */ = {
			isa = XCConfigurationList;
			buildConfigurations = (
				3253DE9230639B12002C5830 /* Debug configuration for PBXProject "BugSnap" */,
				3253DE9330639B12002C5830 /* Release configuration for PBXProject "BugSnap" */,
			);
			defaultConfigurationName = Release;
		};
		3253DE9430639B12002C5830 /* Build configuration list for PBXNativeTarget "BugSnap" */ = {
			isa = XCConfigurationList;
			buildConfigurations = (
				3253DE9530639B12002C5830 /* Debug configuration for PBXNativeTarget "BugSnap" */,
				3253DE9630639B12002C5830 /* Release configuration for PBXNativeTarget "BugSnap" */,
			);
			defaultConfigurationName = Release;
		};
		3253DE9730639B12002C5830 /* Build configuration list for PBXNativeTarget "BugSnapTests" */ = {
			isa = XCConfigurationList;
			buildConfigurations = (
				3253DE9830639B12002C5830 /* Debug configuration for PBXNativeTarget "BugSnapTests" */,
				3253DE9930639B12002C5830 /* Release configuration for PBXNativeTarget "BugSnapTests" */,
			);
			defaultConfigurationName = Release;
		};
		3253DE9A30639B12002C5830 /* Build configuration list for PBXNativeTarget "BugSnapUITests" */ = {
			isa = XCConfigurationList;
			buildConfigurations = (
				3253DE9B30639B12002C5830 /* Debug configuration for PBXNativeTarget "BugSnapUITests" */,
				3253DE9C30639B12002C5830 /* Release configuration for PBXNativeTarget "BugSnapUITests" */,
			);
			defaultConfigurationName = Release;
		};
/* End XCConfigurationList section */
	};
	rootObject = 3253DE6B30639B11002C5830 /* Project object */;
	validationLevel = 1;
}
